// !$*UTF8*$!
{
	archiveVersion = 1;
	classes = {
	};
	objectVersion = 55;
	objects = {

/* Begin PBXBuildFile section */
		3A144B3528BDFE78001DB6F0 /* UIColor+.swift in Sources */ = {isa = PBXBuildFile; fileRef = 3A144B3428BDFE78001DB6F0 /* UIColor+.swift */; };
		3A4A54C528BC902A00FFE870 /* AppDelegate.swift in Sources */ = {isa = PBXBuildFile; fileRef = 3A4A54C428BC902A00FFE870 /* AppDelegate.swift */; };
		3A4A54C728BC902A00FFE870 /* SceneDelegate.swift in Sources */ = {isa = PBXBuildFile; fileRef = 3A4A54C628BC902A00FFE870 /* SceneDelegate.swift */; };
		3A4A54C928BC902A00FFE870 /* ViewController.swift in Sources */ = {isa = PBXBuildFile; fileRef = 3A4A54C828BC902A00FFE870 /* ViewController.swift */; };
		3A4A54CC28BC902A00FFE870 /* Main.storyboard in Resources */ = {isa = PBXBuildFile; fileRef = 3A4A54CA28BC902A00FFE870 /* Main.storyboard */; };
		3A4A54CF28BC902A00FFE870 /* Bubblia.xcdatamodeld in Sources */ = {isa = PBXBuildFile; fileRef = 3A4A54CD28BC902A00FFE870 /* Bubblia.xcdatamodeld */; };
		3A4A54D128BC902C00FFE870 /* Assets.xcassets in Resources */ = {isa = PBXBuildFile; fileRef = 3A4A54D028BC902C00FFE870 /* Assets.xcassets */; };
		3A4A54D428BC902C00FFE870 /* LaunchScreen.storyboard in Resources */ = {isa = PBXBuildFile; fileRef = 3A4A54D228BC902C00FFE870 /* LaunchScreen.storyboard */; };
		3A4A54E028BD031C00FFE870 /* Constants.swift in Sources */ = {isa = PBXBuildFile; fileRef = 3A4A54DF28BD031C00FFE870 /* Constants.swift */; };
		3A4A54E228BD312300FFE870 /* UserDefaultSetting.swift in Sources */ = {isa = PBXBuildFile; fileRef = 3A4A54E128BD312300FFE870 /* UserDefaultSetting.swift */; };
		3A7CC72A28BF28FF00FBD13E /* Localizable.strings in Resources */ = {isa = PBXBuildFile; fileRef = 3A7CC72C28BF28FF00FBD13E /* Localizable.strings */; };
		3A7CC73128BF2BB100FBD13E /* InfoPlist.strings in Resources */ = {isa = PBXBuildFile; fileRef = 3A7CC73328BF2BB100FBD13E /* InfoPlist.strings */; };
		3A7CC7A328CA23D200FBD13E /* CGPoint+.swift in Sources */ = {isa = PBXBuildFile; fileRef = 3A7CC7A228CA23D200FBD13E /* CGPoint+.swift */; };
		3A7CC7A528CA25BD00FBD13E /* CodeArchive.swift in Sources */ = {isa = PBXBuildFile; fileRef = 3A7CC7A428CA25BD00FBD13E /* CodeArchive.swift */; };
		3A7CC7A828CA28B400FBD13E /* HandPose.swift in Sources */ = {isa = PBXBuildFile; fileRef = 3A7CC7A728CA28B400FBD13E /* HandPose.swift */; };
		3A7CC7AA28CA298600FBD13E /* HandPose+Landmark.swift in Sources */ = {isa = PBXBuildFile; fileRef = 3A7CC7A928CA298600FBD13E /* HandPose+Landmark.swift */; };
		3A7CC7AF28CA2B7900FBD13E /* VideoCapture.swift in Sources */ = {isa = PBXBuildFile; fileRef = 3A7CC7AE28CA2B7900FBD13E /* VideoCapture.swift */; };
		3A7CC7B128CA2F2F00FBD13E /* AVCaptureDeviceInput+Camera.swift in Sources */ = {isa = PBXBuildFile; fileRef = 3A7CC7B028CA2F2F00FBD13E /* AVCaptureDeviceInput+Camera.swift */; };
		3A7CC7B328CA2F9400FBD13E /* AVCaptureDeviceOutput+PixelFormat.swift in Sources */ = {isa = PBXBuildFile; fileRef = 3A7CC7B228CA2F9400FBD13E /* AVCaptureDeviceOutput+PixelFormat.swift */; };
/* End PBXBuildFile section */

/* Begin PBXFileReference section */
		3A144B3428BDFE78001DB6F0 /* UIColor+.swift */ = {isa = PBXFileReference; lastKnownFileType = sourcecode.swift; path = "UIColor+.swift"; sourceTree = "<group>"; };
		3A4A54C128BC902A00FFE870 /* Bubblia.app */ = {isa = PBXFileReference; explicitFileType = wrapper.application; includeInIndex = 0; path = Bubblia.app; sourceTree = BUILT_PRODUCTS_DIR; };
		3A4A54C428BC902A00FFE870 /* AppDelegate.swift */ = {isa = PBXFileReference; lastKnownFileType = sourcecode.swift; path = AppDelegate.swift; sourceTree = "<group>"; };
		3A4A54C628BC902A00FFE870 /* SceneDelegate.swift */ = {isa = PBXFileReference; lastKnownFileType = sourcecode.swift; path = SceneDelegate.swift; sourceTree = "<group>"; };
		3A4A54C828BC902A00FFE870 /* ViewController.swift */ = {isa = PBXFileReference; lastKnownFileType = sourcecode.swift; path = ViewController.swift; sourceTree = "<group>"; };
		3A4A54CB28BC902A00FFE870 /* Base */ = {isa = PBXFileReference; lastKnownFileType = file.storyboard; name = Base; path = Base.lproj/Main.storyboard; sourceTree = "<group>"; };
		3A4A54CE28BC902A00FFE870 /* Bubblia.xcdatamodel */ = {isa = PBXFileReference; lastKnownFileType = wrapper.xcdatamodel; path = Bubblia.xcdatamodel; sourceTree = "<group>"; };
		3A4A54D028BC902C00FFE870 /* Assets.xcassets */ = {isa = PBXFileReference; lastKnownFileType = folder.assetcatalog; path = Assets.xcassets; sourceTree = "<group>"; };
		3A4A54D328BC902C00FFE870 /* Base */ = {isa = PBXFileReference; lastKnownFileType = file.storyboard; name = Base; path = Base.lproj/LaunchScreen.storyboard; sourceTree = "<group>"; };
		3A4A54D528BC902C00FFE870 /* Info.plist */ = {isa = PBXFileReference; lastKnownFileType = text.plist.xml; path = Info.plist; sourceTree = "<group>"; };
		3A4A54DF28BD031C00FFE870 /* Constants.swift */ = {isa = PBXFileReference; lastKnownFileType = sourcecode.swift; path = Constants.swift; sourceTree = "<group>"; };
		3A4A54E128BD312300FFE870 /* UserDefaultSetting.swift */ = {isa = PBXFileReference; lastKnownFileType = sourcecode.swift; path = UserDefaultSetting.swift; sourceTree = "<group>"; };
		3A7CC72B28BF28FF00FBD13E /* en */ = {isa = PBXFileReference; lastKnownFileType = text.plist.strings; name = en; path = en.lproj/Localizable.strings; sourceTree = "<group>"; };
		3A7CC72D28BF2A4F00FBD13E /* ko */ = {isa = PBXFileReference; lastKnownFileType = text.plist.strings; name = ko; path = ko.lproj/Localizable.strings; sourceTree = "<group>"; };
		3A7CC72E28BF2A5600FBD13E /* ja */ = {isa = PBXFileReference; lastKnownFileType = text.plist.strings; name = ja; path = ja.lproj/Localizable.strings; sourceTree = "<group>"; };
		3A7CC73228BF2BB100FBD13E /* en */ = {isa = PBXFileReference; lastKnownFileType = text.plist.strings; name = en; path = en.lproj/InfoPlist.strings; sourceTree = "<group>"; };
		3A7CC73428BF2BB400FBD13E /* ja */ = {isa = PBXFileReference; lastKnownFileType = text.plist.strings; name = ja; path = ja.lproj/InfoPlist.strings; sourceTree = "<group>"; };
		3A7CC73528BF2BB500FBD13E /* ko */ = {isa = PBXFileReference; lastKnownFileType = text.plist.strings; name = ko; path = ko.lproj/InfoPlist.strings; sourceTree = "<group>"; };
		3A7CC7A228CA23D200FBD13E /* CGPoint+.swift */ = {isa = PBXFileReference; lastKnownFileType = sourcecode.swift; path = "CGPoint+.swift"; sourceTree = "<group>"; };
		3A7CC7A428CA25BD00FBD13E /* CodeArchive.swift */ = {isa = PBXFileReference; lastKnownFileType = sourcecode.swift; path = CodeArchive.swift; sourceTree = "<group>"; };
		3A7CC7A728CA28B400FBD13E /* HandPose.swift */ = {isa = PBXFileReference; lastKnownFileType = sourcecode.swift; path = HandPose.swift; sourceTree = "<group>"; };
		3A7CC7A928CA298600FBD13E /* HandPose+Landmark.swift */ = {isa = PBXFileReference; lastKnownFileType = sourcecode.swift; path = "HandPose+Landmark.swift"; sourceTree = "<group>"; };
		3A7CC7AE28CA2B7900FBD13E /* VideoCapture.swift */ = {isa = PBXFileReference; lastKnownFileType = sourcecode.swift; path = VideoCapture.swift; sourceTree = "<group>"; };
		3A7CC7B028CA2F2F00FBD13E /* AVCaptureDeviceInput+Camera.swift */ = {isa = PBXFileReference; lastKnownFileType = sourcecode.swift; path = "AVCaptureDeviceInput+Camera.swift"; sourceTree = "<group>"; };
		3A7CC7B228CA2F9400FBD13E /* AVCaptureDeviceOutput+PixelFormat.swift */ = {isa = PBXFileReference; lastKnownFileType = sourcecode.swift; path = "AVCaptureDeviceOutput+PixelFormat.swift"; sourceTree = "<group>"; };
/* End PBXFileReference section */

/* Begin PBXFrameworksBuildPhase section */
		3A4A54BE28BC902A00FFE870 /* Frameworks */ = {
			isa = PBXFrameworksBuildPhase;
			buildActionMask = 2147483647;
			files = (
			);
			runOnlyForDeploymentPostprocessing = 0;
		};
/* End PBXFrameworksBuildPhase section */

/* Begin PBXGroup section */
		3A4A54B828BC902A00FFE870 = {
			isa = PBXGroup;
			children = (
				3A4A54C328BC902A00FFE870 /* Bubblia */,
				3A4A54C228BC902A00FFE870 /* Products */,
			);
			sourceTree = "<group>";
		};
		3A4A54C228BC902A00FFE870 /* Products */ = {
			isa = PBXGroup;
			children = (
				3A4A54C128BC902A00FFE870 /* Bubblia.app */,
			);
			name = Products;
			sourceTree = "<group>";
		};
		3A4A54C328BC902A00FFE870 /* Bubblia */ = {
			isa = PBXGroup;
			children = (
				3A7CC7AB28CA2B5A00FBD13E /* Camera */,
				3A7CC7A628CA28A500FBD13E /* HandPose */,
				3A4A54C428BC902A00FFE870 /* AppDelegate.swift */,
				3A4A54C628BC902A00FFE870 /* SceneDelegate.swift */,
				3A4A54DF28BD031C00FFE870 /* Constants.swift */,
				3A4A54C828BC902A00FFE870 /* ViewController.swift */,
				3A4A54E128BD312300FFE870 /* UserDefaultSetting.swift */,
				3A7CC7A428CA25BD00FBD13E /* CodeArchive.swift */,
				3A7CC7A128CA23A900FBD13E /* Extensions */,
				3A4A54CA28BC902A00FFE870 /* Main.storyboard */,
				3A4A54D228BC902C00FFE870 /* LaunchScreen.storyboard */,
				3A4A54D528BC902C00FFE870 /* Info.plist */,
				3A4A54CD28BC902A00FFE870 /* Bubblia.xcdatamodeld */,
				3A4A54D028BC902C00FFE870 /* Assets.xcassets */,
				3A7CC72728BF28B000FBD13E /* Localizing */,
			);
			path = Bubblia;
			sourceTree = "<group>";
		};
		3A7CC72728BF28B000FBD13E /* Localizing */ = {
			isa = PBXGroup;
			children = (
				3A7CC72C28BF28FF00FBD13E /* Localizable.strings */,
				3A7CC73328BF2BB100FBD13E /* InfoPlist.strings */,
			);
			path = Localizing;
			sourceTree = "<group>";
		};
		3A7CC7A128CA23A900FBD13E /* Extensions */ = {
			isa = PBXGroup;
			children = (
				3A144B3428BDFE78001DB6F0 /* UIColor+.swift */,
				3A7CC7A228CA23D200FBD13E /* CGPoint+.swift */,
			);
			path = Extensions;
			sourceTree = "<group>";
		};
		3A7CC7A628CA28A500FBD13E /* HandPose */ = {
			isa = PBXGroup;
			children = (
				3A7CC7A728CA28B400FBD13E /* HandPose.swift */,
				3A7CC7A928CA298600FBD13E /* HandPose+Landmark.swift */,
			);
			path = HandPose;
			sourceTree = "<group>";
		};
		3A7CC7AB28CA2B5A00FBD13E /* Camera */ = {
			isa = PBXGroup;
			children = (
				3A7CC7AE28CA2B7900FBD13E /* VideoCapture.swift */,
				3A7CC7B028CA2F2F00FBD13E /* AVCaptureDeviceInput+Camera.swift */,
				3A7CC7B228CA2F9400FBD13E /* AVCaptureDeviceOutput+PixelFormat.swift */,
			);
			path = Camera;
			sourceTree = "<group>";
		};
/* End PBXGroup section */

/* Begin PBXNativeTarget section */
		3A4A54C028BC902A00FFE870 /* Bubblia */ = {
			isa = PBXNativeTarget;
			buildConfigurationList = 3A4A54D828BC902C00FFE870 /* Build configuration list for PBXNativeTarget "Bubblia" */;
			buildPhases = (
				3A4A54BD28BC902A00FFE870 /* Sources */,
				3A4A54BE28BC902A00FFE870 /* Frameworks */,
				3A4A54BF28BC902A00FFE870 /* Resources */,
			);
			buildRules = (
			);
			dependencies = (
			);
			name = Bubblia;
			productName = Bubblia;
			productReference = 3A4A54C128BC902A00FFE870 /* Bubblia.app */;
			productType = "com.apple.product-type.application";
		};
/* End PBXNativeTarget section */

/* Begin PBXProject section */
		3A4A54B928BC902A00FFE870 /* Project object */ = {
			isa = PBXProject;
			attributes = {
				BuildIndependentTargetsInParallel = 1;
				LastSwiftUpdateCheck = 1340;
				LastUpgradeCheck = 1340;
				TargetAttributes = {
					3A4A54C028BC902A00FFE870 = {
						CreatedOnToolsVersion = 13.4.1;
					};
				};
			};
			buildConfigurationList = 3A4A54BC28BC902A00FFE870 /* Build configuration list for PBXProject "Bubblia" */;
			compatibilityVersion = "Xcode 13.0";
			developmentRegion = en;
			hasScannedForEncodings = 0;
			knownRegions = (
				en,
				Base,
				ko,
				ja,
			);
			mainGroup = 3A4A54B828BC902A00FFE870;
			productRefGroup = 3A4A54C228BC902A00FFE870 /* Products */;
			projectDirPath = "";
			projectRoot = "";
			targets = (
				3A4A54C028BC902A00FFE870 /* Bubblia */,
			);
		};
/* End PBXProject section */

/* Begin PBXResourcesBuildPhase section */
		3A4A54BF28BC902A00FFE870 /* Resources */ = {
			isa = PBXResourcesBuildPhase;
			buildActionMask = 2147483647;
			files = (
				3A4A54D428BC902C00FFE870 /* LaunchScreen.storyboard in Resources */,
				3A4A54D128BC902C00FFE870 /* Assets.xcassets in Resources */,
				3A4A54CC28BC902A00FFE870 /* Main.storyboard in Resources */,
				3A7CC72A28BF28FF00FBD13E /* Localizable.strings in Resources */,
				3A7CC73128BF2BB100FBD13E /* InfoPlist.strings in Resources */,
			);
			runOnlyForDeploymentPostprocessing = 0;
		};
/* End PBXResourcesBuildPhase section */

/* Begin PBXSourcesBuildPhase section */
		3A4A54BD28BC902A00FFE870 /* Sources */ = {
			isa = PBXSourcesBuildPhase;
			buildActionMask = 2147483647;
			files = (
				3A7CC7B328CA2F9400FBD13E /* AVCaptureDeviceOutput+PixelFormat.swift in Sources */,
				3A7CC7A528CA25BD00FBD13E /* CodeArchive.swift in Sources */,
				3A7CC7A828CA28B400FBD13E /* HandPose.swift in Sources */,
				3A7CC7AA28CA298600FBD13E /* HandPose+Landmark.swift in Sources */,
				3A4A54C928BC902A00FFE870 /* ViewController.swift in Sources */,
				3A7CC7AF28CA2B7900FBD13E /* VideoCapture.swift in Sources */,
				3A4A54CF28BC902A00FFE870 /* Bubblia.xcdatamodeld in Sources */,
				3A7CC7B128CA2F2F00FBD13E /* AVCaptureDeviceInput+Camera.swift in Sources */,
				3A4A54C528BC902A00FFE870 /* AppDelegate.swift in Sources */,
				3A7CC7A328CA23D200FBD13E /* CGPoint+.swift in Sources */,
				3A4A54E028BD031C00FFE870 /* Constants.swift in Sources */,
				3A4A54E228BD312300FFE870 /* UserDefaultSetting.swift in Sources */,
				3A4A54C728BC902A00FFE870 /* SceneDelegate.swift in Sources */,
				3A144B3528BDFE78001DB6F0 /* UIColor+.swift in Sources */,
			);
			runOnlyForDeploymentPostprocessing = 0;
		};
/* End PBXSourcesBuildPhase section */

/* Begin PBXVariantGroup section */
		3A4A54CA28BC902A00FFE870 /* Main.storyboard */ = {
			isa = PBXVariantGroup;
			children = (
				3A4A54CB28BC902A00FFE870 /* Base */,
			);
			name = Main.storyboard;
			sourceTree = "<group>";
		};
		3A4A54D228BC902C00FFE870 /* LaunchScreen.storyboard */ = {
			isa = PBXVariantGroup;
			children = (
				3A4A54D328BC902C00FFE870 /* Base */,
			);
			name = LaunchScreen.storyboard;
			sourceTree = "<group>";
		};
		3A7CC72C28BF28FF00FBD13E /* Localizable.strings */ = {
			isa = PBXVariantGroup;
			children = (
				3A7CC72B28BF28FF00FBD13E /* en */,
				3A7CC72D28BF2A4F00FBD13E /* ko */,
				3A7CC72E28BF2A5600FBD13E /* ja */,
			);
			name = Localizable.strings;
			sourceTree = "<group>";
		};
		3A7CC73328BF2BB100FBD13E /* InfoPlist.strings */ = {
			isa = PBXVariantGroup;
			children = (
				3A7CC73228BF2BB100FBD13E /* en */,
				3A7CC73428BF2BB400FBD13E /* ja */,
				3A7CC73528BF2BB500FBD13E /* ko */,
			);
			name = InfoPlist.strings;
			sourceTree = "<group>";
		};
/* End PBXVariantGroup section */

/* Begin XCBuildConfiguration section */
		3A4A54D628BC902C00FFE870 /* Debug */ = {
			isa = XCBuildConfiguration;
			buildSettings = {
				ALWAYS_SEARCH_USER_PATHS = NO;
				CLANG_ANALYZER_LOCALIZABILITY_NONLOCALIZED = YES;
				CLANG_ANALYZER_NONNULL = YES;
				CLANG_ANALYZER_NUMBER_OBJECT_CONVERSION = YES_AGGRESSIVE;
				CLANG_CXX_LANGUAGE_STANDARD = "gnu++17";
				CLANG_ENABLE_MODULES = YES;
				CLANG_ENABLE_OBJC_ARC = YES;
				CLANG_ENABLE_OBJC_WEAK = YES;
				CLANG_WARN_BLOCK_CAPTURE_AUTORELEASING = YES;
				CLANG_WARN_BOOL_CONVERSION = YES;
				CLANG_WARN_COMMA = YES;
				CLANG_WARN_CONSTANT_CONVERSION = YES;
				CLANG_WARN_DEPRECATED_OBJC_IMPLEMENTATIONS = YES;
				CLANG_WARN_DIRECT_OBJC_ISA_USAGE = YES_ERROR;
				CLANG_WARN_DOCUMENTATION_COMMENTS = YES;
				CLANG_WARN_EMPTY_BODY = YES;
				CLANG_WARN_ENUM_CONVERSION = YES;
				CLANG_WARN_INFINITE_RECURSION = YES;
				CLANG_WARN_INT_CONVERSION = YES;
				CLANG_WARN_NON_LITERAL_NULL_CONVERSION = YES;
				CLANG_WARN_OBJC_IMPLICIT_RETAIN_SELF = YES;
				CLANG_WARN_OBJC_LITERAL_CONVERSION = YES;
				CLANG_WARN_OBJC_ROOT_CLASS = YES_ERROR;
				CLANG_WARN_QUOTED_INCLUDE_IN_FRAMEWORK_HEADER = YES;
				CLANG_WARN_RANGE_LOOP_ANALYSIS = YES;
				CLANG_WARN_STRICT_PROTOTYPES = YES;
				CLANG_WARN_SUSPICIOUS_MOVE = YES;
				CLANG_WARN_UNGUARDED_AVAILABILITY = YES_AGGRESSIVE;
				CLANG_WARN_UNREACHABLE_CODE = YES;
				CLANG_WARN__DUPLICATE_METHOD_MATCH = YES;
				COPY_PHASE_STRIP = NO;
				DEBUG_INFORMATION_FORMAT = dwarf;
				ENABLE_STRICT_OBJC_MSGSEND = YES;
				ENABLE_TESTABILITY = YES;
				GCC_C_LANGUAGE_STANDARD = gnu11;
				GCC_DYNAMIC_NO_PIC = NO;
				GCC_NO_COMMON_BLOCKS = YES;
				GCC_OPTIMIZATION_LEVEL = 0;
				GCC_PREPROCESSOR_DEFINITIONS = (
					"DEBUG=1",
					"$(inherited)",
				);
				GCC_WARN_64_TO_32_BIT_CONVERSION = YES;
				GCC_WARN_ABOUT_RETURN_TYPE = YES_ERROR;
				GCC_WARN_UNDECLARED_SELECTOR = YES;
				GCC_WARN_UNINITIALIZED_AUTOS = YES_AGGRESSIVE;
				GCC_WARN_UNUSED_FUNCTION = YES;
				GCC_WARN_UNUSED_VARIABLE = YES;
				IPHONEOS_DEPLOYMENT_TARGET = 15.5;
				MTL_ENABLE_DEBUG_INFO = INCLUDE_SOURCE;
				MTL_FAST_MATH = YES;
				ONLY_ACTIVE_ARCH = YES;
				SDKROOT = iphoneos;
				SWIFT_ACTIVE_COMPILATION_CONDITIONS = DEBUG;
				SWIFT_OPTIMIZATION_LEVEL = "-Onone";
			};
			name = Debug;
		};
		3A4A54D728BC902C00FFE870 /* Release */ = {
			isa = XCBuildConfiguration;
			buildSettings = {
				ALWAYS_SEARCH_USER_PATHS = NO;
				CLANG_ANALYZER_LOCALIZABILITY_NONLOCALIZED = YES;
				CLANG_ANALYZER_NONNULL = YES;
				CLANG_ANALYZER_NUMBER_OBJECT_CONVERSION = YES_AGGRESSIVE;
				CLANG_CXX_LANGUAGE_STANDARD = "gnu++17";
				CLANG_ENABLE_MODULES = YES;
				CLANG_ENABLE_OBJC_ARC = YES;
				CLANG_ENABLE_OBJC_WEAK = YES;
				CLANG_WARN_BLOCK_CAPTURE_AUTORELEASING = YES;
				CLANG_WARN_BOOL_CONVERSION = YES;
				CLANG_WARN_COMMA = YES;
				CLANG_WARN_CONSTANT_CONVERSION = YES;
				CLANG_WARN_DEPRECATED_OBJC_IMPLEMENTATIONS = YES;
				CLANG_WARN_DIRECT_OBJC_ISA_USAGE = YES_ERROR;
				CLANG_WARN_DOCUMENTATION_COMMENTS = YES;
				CLANG_WARN_EMPTY_BODY = YES;
				CLANG_WARN_ENUM_CONVERSION = YES;
				CLANG_WARN_INFINITE_RECURSION = YES;
				CLANG_WARN_INT_CONVERSION = YES;
				CLANG_WARN_NON_LITERAL_NULL_CONVERSION = YES;
				CLANG_WARN_OBJC_IMPLICIT_RETAIN_SELF = YES;
				CLANG_WARN_OBJC_LITERAL_CONVERSION = YES;
				CLANG_WARN_OBJC_ROOT_CLASS = YES_ERROR;
				CLANG_WARN_QUOTED_INCLUDE_IN_FRAMEWORK_HEADER = YES;
				CLANG_WARN_RANGE_LOOP_ANALYSIS = YES;
				CLANG_WARN_STRICT_PROTOTYPES = YES;
				CLANG_WARN_SUSPICIOUS_MOVE = YES;
				CLANG_WARN_UNGUARDED_AVAILABILITY = YES_AGGRESSIVE;
				CLANG_WARN_UNREACHABLE_CODE = YES;
				CLANG_WARN__DUPLICATE_METHOD_MATCH = YES;
				COPY_PHASE_STRIP = NO;
				DEBUG_INFORMATION_FORMAT = "dwarf-with-dsym";
				ENABLE_NS_ASSERTIONS = NO;
				ENABLE_STRICT_OBJC_MSGSEND = YES;
				GCC_C_LANGUAGE_STANDARD = gnu11;
				GCC_NO_COMMON_BLOCKS = YES;
				GCC_WARN_64_TO_32_BIT_CONVERSION = YES;
				GCC_WARN_ABOUT_RETURN_TYPE = YES_ERROR;
				GCC_WARN_UNDECLARED_SELECTOR = YES;
				GCC_WARN_UNINITIALIZED_AUTOS = YES_AGGRESSIVE;
				GCC_WARN_UNUSED_FUNCTION = YES;
				GCC_WARN_UNUSED_VARIABLE = YES;
				IPHONEOS_DEPLOYMENT_TARGET = 15.5;
				MTL_ENABLE_DEBUG_INFO = NO;
				MTL_FAST_MATH = YES;
				SDKROOT = iphoneos;
				SWIFT_COMPILATION_MODE = wholemodule;
				SWIFT_OPTIMIZATION_LEVEL = "-O";
				VALIDATE_PRODUCT = YES;
			};
			name = Release;
		};
		3A4A54D928BC902C00FFE870 /* Debug */ = {
			isa = XCBuildConfiguration;
			buildSettings = {
				ASSETCATALOG_COMPILER_APPICON_NAME = AppIcon;
				ASSETCATALOG_COMPILER_GLOBAL_ACCENT_COLOR_NAME = AccentColor;
				CODE_SIGN_STYLE = Automatic;
				CURRENT_PROJECT_VERSION = 1;
				DEVELOPMENT_TEAM = UAM52RQFW9;
				GENERATE_INFOPLIST_FILE = YES;
				INFOPLIST_FILE = Bubblia/Info.plist;
				INFOPLIST_KEY_CFBundleDisplayName = AGUAGU;
				INFOPLIST_KEY_NSCameraUsageDescription = "Use Camera View";
				INFOPLIST_KEY_UIApplicationSupportsIndirectInputEvents = YES;
				INFOPLIST_KEY_UILaunchStoryboardName = LaunchScreen;
				INFOPLIST_KEY_UIMainStoryboardFile = Main;
				INFOPLIST_KEY_UIStatusBarHidden = NO;
				INFOPLIST_KEY_UISupportedInterfaceOrientations = UIInterfaceOrientationPortrait;
				INFOPLIST_KEY_UISupportedInterfaceOrientations_iPad = "UIInterfaceOrientationPortrait UIInterfaceOrientationPortraitUpsideDown UIInterfaceOrientationLandscapeLeft UIInterfaceOrientationLandscapeRight";
				INFOPLIST_KEY_UISupportedInterfaceOrientations_iPhone = UIInterfaceOrientationPortrait;
				IPHONEOS_DEPLOYMENT_TARGET = 15.0;
				LD_RUNPATH_SEARCH_PATHS = (
					"$(inherited)",
					"@executable_path/Frameworks",
				);
				MARKETING_VERSION = 1.0;
				PRODUCT_BUNDLE_IDENTIFIER = com.jhHwang.Bubblia;
				PRODUCT_NAME = "$(TARGET_NAME)";
				SWIFT_EMIT_LOC_STRINGS = YES;
				SWIFT_VERSION = 5.0;
				TARGETED_DEVICE_FAMILY = 1;
			};
			name = Debug;
		};
		3A4A54DA28BC902C00FFE870 /* Release */ = {
			isa = XCBuildConfiguration;
			buildSettings = {
				ASSETCATALOG_COMPILER_APPICON_NAME = AppIcon;
				ASSETCATALOG_COMPILER_GLOBAL_ACCENT_COLOR_NAME = AccentColor;
				CODE_SIGN_STYLE = Automatic;
				CURRENT_PROJECT_VERSION = 1;
				DEVELOPMENT_TEAM = UAM52RQFW9;
				GENERATE_INFOPLIST_FILE = YES;
				INFOPLIST_FILE = Bubblia/Info.plist;
				INFOPLIST_KEY_CFBundleDisplayName = AGUAGU;
				INFOPLIST_KEY_NSCameraUsageDescription = "Use Camera View";
				INFOPLIST_KEY_UIApplicationSupportsIndirectInputEvents = YES;
				INFOPLIST_KEY_UILaunchStoryboardName = LaunchScreen;
				INFOPLIST_KEY_UIMainStoryboardFile = Main;
				INFOPLIST_KEY_UIStatusBarHidden = NO;
				INFOPLIST_KEY_UISupportedInterfaceOrientations = UIInterfaceOrientationPortrait;
				INFOPLIST_KEY_UISupportedInterfaceOrientations_iPad = "UIInterfaceOrientationPortrait UIInterfaceOrientationPortraitUpsideDown UIInterfaceOrientationLandscapeLeft UIInterfaceOrientationLandscapeRight";
				INFOPLIST_KEY_UISupportedInterfaceOrientations_iPhone = UIInterfaceOrientationPortrait;
				IPHONEOS_DEPLOYMENT_TARGET = 15.0;
				LD_RUNPATH_SEARCH_PATHS = (
					"$(inherited)",
					"@executable_path/Frameworks",
				);
				MARKETING_VERSION = 1.0;
				PRODUCT_BUNDLE_IDENTIFIER = com.jhHwang.Bubblia;
				PRODUCT_NAME = "$(TARGET_NAME)";
				SWIFT_EMIT_LOC_STRINGS = YES;
				SWIFT_VERSION = 5.0;
				TARGETED_DEVICE_FAMILY = 1;
			};
			name = Release;
		};
/* End XCBuildConfiguration section */

/* Begin XCConfigurationList section */
		3A4A54BC28BC902A00FFE870 /* Build configuration list for PBXProject "Bubblia" */ = {
			isa = XCConfigurationList;
			buildConfigurations = (
				3A4A54D628BC902C00FFE870 /* Debug */,
				3A4A54D728BC902C00FFE870 /* Release */,
			);
			defaultConfigurationIsVisible = 0;
			defaultConfigurationName = Release;
		};
		3A4A54D828BC902C00FFE870 /* Build configuration list for PBXNativeTarget "Bubblia" */ = {
			isa = XCConfigurationList;
			buildConfigurations = (
				3A4A54D928BC902C00FFE870 /* Debug */,
				3A4A54DA28BC902C00FFE870 /* Release */,
			);
			defaultConfigurationIsVisible = 0;
			defaultConfigurationName = Release;
		};
/* End XCConfigurationList section */

/* Begin XCVersionGroup section */
		3A4A54CD28BC902A00FFE870 /* Bubblia.xcdatamodeld */ = {
			isa = XCVersionGroup;
			children = (
				3A4A54CE28BC902A00FFE870 /* Bubblia.xcdatamodel */,
			);
			currentVersion = 3A4A54CE28BC902A00FFE870 /* Bubblia.xcdatamodel */;
			path = Bubblia.xcdatamodeld;
			sourceTree = "<group>";
			versionGroupType = wrapper.xcdatamodel;
		};
/* End XCVersionGroup section */
	};
	rootObject = 3A4A54B928BC902A00FFE870 /* Project object */;
}
